// !$*UTF8*$!
{
	archiveVersion = 1;
	classes = {
	};
	objectVersion = 48;
	objects = {

/* Begin PBXBuildFile section */
		550772021FADABC40019B64B /* AppDelegate.m in Sources */ = {isa = PBXBuildFile; fileRef = 550772011FADABC40019B64B /* AppDelegate.m */; };
		550772051FADABC40019B64B /* HomeViewController.m in Sources */ = {isa = PBXBuildFile; fileRef = 550772041FADABC40019B64B /* HomeViewController.m */; };
		550772081FADABC40019B64B /* Main.storyboard in Resources */ = {isa = PBXBuildFile; fileRef = 550772061FADABC40019B64B /* Main.storyboard */; };
		5507720A1FADABC40019B64B /* Assets.xcassets in Resources */ = {isa = PBXBuildFile; fileRef = 550772091FADABC40019B64B /* Assets.xcassets */; };
		5507720D1FADABC40019B64B /* LaunchScreen.storyboard in Resources */ = {isa = PBXBuildFile; fileRef = 5507720B1FADABC40019B64B /* LaunchScreen.storyboard */; };
		550772101FADABC40019B64B /* main.m in Sources */ = {isa = PBXBuildFile; fileRef = 5507720F1FADABC40019B64B /* main.m */; };
		5507721A1FADABC40019B64B /* iTaskerTests.m in Sources */ = {isa = PBXBuildFile; fileRef = 550772191FADABC40019B64B /* iTaskerTests.m */; };
		550772251FADABC40019B64B /* iTaskerUITests.m in Sources */ = {isa = PBXBuildFile; fileRef = 550772241FADABC40019B64B /* iTaskerUITests.m */; };
		550772351FADADBC0019B64B /* Task.m in Sources */ = {isa = PBXBuildFile; fileRef = 550772341FADADBC0019B64B /* Task.m */; };
		5507723A1FADB2780019B64B /* to_do_list.json in Resources */ = {isa = PBXBuildFile; fileRef = 550772391FADB2770019B64B /* to_do_list.json */; };
		5507723C1FADE7AD0019B64B /* TaskLoader.m in Sources */ = {isa = PBXBuildFile; fileRef = 5507723B1FADE7AD0019B64B /* TaskLoader.m */; };
		5507723F1FADE7CF0019B64B /* TaskProvider.m in Sources */ = {isa = PBXBuildFile; fileRef = 5507723E1FADE7CF0019B64B /* TaskProvider.m */; };
		550772431FADEDFE0019B64B /* TaskViewCell.m in Sources */ = {isa = PBXBuildFile; fileRef = 550772411FADEDFE0019B64B /* TaskViewCell.m */; };
		550772441FADEDFE0019B64B /* TaskViewCell.xib in Resources */ = {isa = PBXBuildFile; fileRef = 550772421FADEDFE0019B64B /* TaskViewCell.xib */; };
		550772471FAE00D00019B64B /* UpdateTaskViewController.m in Sources */ = {isa = PBXBuildFile; fileRef = 550772461FAE00D00019B64B /* UpdateTaskViewController.m */; };
		5507724A1FAF4D700019B64B /* GroupChangeViewController.m in Sources */ = {isa = PBXBuildFile; fileRef = 550772491FAF4D700019B64B /* GroupChangeViewController.m */; };
		550772641FAF57AA0019B64B /* Localizable.strings in Resources */ = {isa = PBXBuildFile; fileRef = 550772631FAF57AA0019B64B /* Localizable.strings */; };
		557566A91FB238C800D35CD9 /* TaskInfo.m in Sources */ = {isa = PBXBuildFile; fileRef = 557566A81FB238C800D35CD9 /* TaskInfo.m */; };
		557566AD1FB371CB00D35CD9 /* BarCodeReaderViewController.m in Sources */ = {isa = PBXBuildFile; fileRef = 557566AC1FB371CB00D35CD9 /* BarCodeReaderViewController.m */; };
/* End PBXBuildFile section */

/* Begin PBXContainerItemProxy section */
		550772161FADABC40019B64B /* PBXContainerItemProxy */ = {
			isa = PBXContainerItemProxy;
			containerPortal = 550771F51FADABC40019B64B /* Project object */;
			proxyType = 1;
			remoteGlobalIDString = 550771FC1FADABC40019B64B;
			remoteInfo = iTasker;
		};
		550772211FADABC40019B64B /* PBXContainerItemProxy */ = {
			isa = PBXContainerItemProxy;
			containerPortal = 550771F51FADABC40019B64B /* Project object */;
			proxyType = 1;
			remoteGlobalIDString = 550771FC1FADABC40019B64B;
			remoteInfo = iTasker;
		};
/* End PBXContainerItemProxy section */

/* Begin PBXFileReference section */
		550771FD1FADABC40019B64B /* iTasker.app */ = {isa = PBXFileReference; explicitFileType = wrapper.application; includeInIndex = 0; path = iTasker.app; sourceTree = BUILT_PRODUCTS_DIR; };
		550772001FADABC40019B64B /* AppDelegate.h */ = {isa = PBXFileReference; lastKnownFileType = sourcecode.c.h; path = AppDelegate.h; sourceTree = "<group>"; };
		550772011FADABC40019B64B /* AppDelegate.m */ = {isa = PBXFileReference; lastKnownFileType = sourcecode.c.objc; path = AppDelegate.m; sourceTree = "<group>"; };
		550772031FADABC40019B64B /* HomeViewController.h */ = {isa = PBXFileReference; lastKnownFileType = sourcecode.c.h; path = HomeViewController.h; sourceTree = "<group>"; };
		550772041FADABC40019B64B /* HomeViewController.m */ = {isa = PBXFileReference; lastKnownFileType = sourcecode.c.objc; path = HomeViewController.m; sourceTree = "<group>"; };
		550772071FADABC40019B64B /* Base */ = {isa = PBXFileReference; lastKnownFileType = file.storyboard; name = Base; path = Base.lproj/Main.storyboard; sourceTree = "<group>"; };
		550772091FADABC40019B64B /* Assets.xcassets */ = {isa = PBXFileReference; lastKnownFileType = folder.assetcatalog; path = Assets.xcassets; sourceTree = "<group>"; };
		5507720C1FADABC40019B64B /* Base */ = {isa = PBXFileReference; lastKnownFileType = file.storyboard; name = Base; path = Base.lproj/LaunchScreen.storyboard; sourceTree = "<group>"; };
		5507720E1FADABC40019B64B /* Info.plist */ = {isa = PBXFileReference; lastKnownFileType = text.plist.xml; path = Info.plist; sourceTree = "<group>"; };
		5507720F1FADABC40019B64B /* main.m */ = {isa = PBXFileReference; lastKnownFileType = sourcecode.c.objc; path = main.m; sourceTree = "<group>"; };
		550772151FADABC40019B64B /* iTaskerTests.xctest */ = {isa = PBXFileReference; explicitFileType = wrapper.cfbundle; includeInIndex = 0; path = iTaskerTests.xctest; sourceTree = BUILT_PRODUCTS_DIR; };
		550772191FADABC40019B64B /* iTaskerTests.m */ = {isa = PBXFileReference; lastKnownFileType = sourcecode.c.objc; path = iTaskerTests.m; sourceTree = "<group>"; };
		5507721B1FADABC40019B64B /* Info.plist */ = {isa = PBXFileReference; lastKnownFileType = text.plist.xml; path = Info.plist; sourceTree = "<group>"; };
		550772201FADABC40019B64B /* iTaskerUITests.xctest */ = {isa = PBXFileReference; explicitFileType = wrapper.cfbundle; includeInIndex = 0; path = iTaskerUITests.xctest; sourceTree = BUILT_PRODUCTS_DIR; };
		550772241FADABC40019B64B /* iTaskerUITests.m */ = {isa = PBXFileReference; lastKnownFileType = sourcecode.c.objc; path = iTaskerUITests.m; sourceTree = "<group>"; };
		550772261FADABC40019B64B /* Info.plist */ = {isa = PBXFileReference; lastKnownFileType = text.plist.xml; path = Info.plist; sourceTree = "<group>"; };
		550772331FADADBC0019B64B /* Task.h */ = {isa = PBXFileReference; lastKnownFileType = sourcecode.c.h; path = Task.h; sourceTree = "<group>"; };
		550772341FADADBC0019B64B /* Task.m */ = {isa = PBXFileReference; lastKnownFileType = sourcecode.c.objc; path = Task.m; sourceTree = "<group>"; };
		550772361FADAFF60019B64B /* TaskLoader.h */ = {isa = PBXFileReference; lastKnownFileType = sourcecode.c.h; path = TaskLoader.h; sourceTree = "<group>"; };
		550772391FADB2770019B64B /* to_do_list.json */ = {isa = PBXFileReference; fileEncoding = 4; lastKnownFileType = text.json; path = to_do_list.json; sourceTree = "<group>"; };
		5507723B1FADE7AD0019B64B /* TaskLoader.m */ = {isa = PBXFileReference; fileEncoding = 4; lastKnownFileType = sourcecode.c.objc; path = TaskLoader.m; sourceTree = "<group>"; };
		5507723D1FADE7CF0019B64B /* TaskProvider.h */ = {isa = PBXFileReference; lastKnownFileType = sourcecode.c.h; path = TaskProvider.h; sourceTree = "<group>"; };
		5507723E1FADE7CF0019B64B /* TaskProvider.m */ = {isa = PBXFileReference; lastKnownFileType = sourcecode.c.objc; path = TaskProvider.m; sourceTree = "<group>"; };
		550772401FADEDFE0019B64B /* TaskViewCell.h */ = {isa = PBXFileReference; lastKnownFileType = sourcecode.c.h; path = TaskViewCell.h; sourceTree = "<group>"; };
		550772411FADEDFE0019B64B /* TaskViewCell.m */ = {isa = PBXFileReference; lastKnownFileType = sourcecode.c.objc; path = TaskViewCell.m; sourceTree = "<group>"; };
		550772421FADEDFE0019B64B /* TaskViewCell.xib */ = {isa = PBXFileReference; lastKnownFileType = file.xib; path = TaskViewCell.xib; sourceTree = "<group>"; };
		550772451FAE00D00019B64B /* UpdateTaskViewController.h */ = {isa = PBXFileReference; lastKnownFileType = sourcecode.c.h; path = UpdateTaskViewController.h; sourceTree = "<group>"; };
		550772461FAE00D00019B64B /* UpdateTaskViewController.m */ = {isa = PBXFileReference; lastKnownFileType = sourcecode.c.objc; path = UpdateTaskViewController.m; sourceTree = "<group>"; };
		550772481FAF4D700019B64B /* GroupChangeViewController.h */ = {isa = PBXFileReference; lastKnownFileType = sourcecode.c.h; path = GroupChangeViewController.h; sourceTree = "<group>"; };
		550772491FAF4D700019B64B /* GroupChangeViewController.m */ = {isa = PBXFileReference; lastKnownFileType = sourcecode.c.objc; path = GroupChangeViewController.m; sourceTree = "<group>"; };
		550772631FAF57AA0019B64B /* Localizable.strings */ = {isa = PBXFileReference; lastKnownFileType = text.plist.strings; path = Localizable.strings; sourceTree = "<group>"; };
		557566A71FB238C800D35CD9 /* TaskInfo.h */ = {isa = PBXFileReference; lastKnownFileType = sourcecode.c.h; path = TaskInfo.h; sourceTree = "<group>"; };
		557566A81FB238C800D35CD9 /* TaskInfo.m */ = {isa = PBXFileReference; lastKnownFileType = sourcecode.c.objc; path = TaskInfo.m; sourceTree = "<group>"; };
		557566AB1FB371CB00D35CD9 /* BarCodeReaderViewController.h */ = {isa = PBXFileReference; lastKnownFileType = sourcecode.c.h; path = BarCodeReaderViewController.h; sourceTree = "<group>"; };
		557566AC1FB371CB00D35CD9 /* BarCodeReaderViewController.m */ = {isa = PBXFileReference; lastKnownFileType = sourcecode.c.objc; path = BarCodeReaderViewController.m; sourceTree = "<group>"; };
/* End PBXFileReference section */

/* Begin PBXFrameworksBuildPhase section */
		550771FA1FADABC40019B64B /* Frameworks */ = {
			isa = PBXFrameworksBuildPhase;
			buildActionMask = 2147483647;
			files = (
			);
			runOnlyForDeploymentPostprocessing = 0;
		};
		550772121FADABC40019B64B /* Frameworks */ = {
			isa = PBXFrameworksBuildPhase;
			buildActionMask = 2147483647;
			files = (
			);
			runOnlyForDeploymentPostprocessing = 0;
		};
		5507721D1FADABC40019B64B /* Frameworks */ = {
			isa = PBXFrameworksBuildPhase;
			buildActionMask = 2147483647;
			files = (
			);
			runOnlyForDeploymentPostprocessing = 0;
		};
/* End PBXFrameworksBuildPhase section */

/* Begin PBXGroup section */
		550771F41FADABC40019B64B = {
			isa = PBXGroup;
			children = (
				550771FF1FADABC40019B64B /* iTasker */,
				550772181FADABC40019B64B /* iTaskerTests */,
				550772231FADABC40019B64B /* iTaskerUITests */,
				550771FE1FADABC40019B64B /* Products */,
			);
			sourceTree = "<group>";
		};
		550771FE1FADABC40019B64B /* Products */ = {
			isa = PBXGroup;
			children = (
				550771FD1FADABC40019B64B /* iTasker.app */,
				550772151FADABC40019B64B /* iTaskerTests.xctest */,
				550772201FADABC40019B64B /* iTaskerUITests.xctest */,
			);
			name = Products;
			sourceTree = "<group>";
		};
		550771FF1FADABC40019B64B /* iTasker */ = {
			isa = PBXGroup;
			children = (
				550772321FADAD9C0019B64B /* model */,
				550772001FADABC40019B64B /* AppDelegate.h */,
				550772011FADABC40019B64B /* AppDelegate.m */,
				55734BAF1FB3B334008E67F5 /* ViewControllers */,
				55734BB01FB3B361008E67F5 /* Views */,
				550772061FADABC40019B64B /* Main.storyboard */,
				550772091FADABC40019B64B /* Assets.xcassets */,
				55734BAD1FB3B2B1008E67F5 /* sources */,
				5507720B1FADABC40019B64B /* LaunchScreen.storyboard */,
				5507720E1FADABC40019B64B /* Info.plist */,
				5507720F1FADABC40019B64B /* main.m */,
			);
			path = iTasker;
			sourceTree = "<group>";
		};
		550772181FADABC40019B64B /* iTaskerTests */ = {
			isa = PBXGroup;
			children = (
				550772191FADABC40019B64B /* iTaskerTests.m */,
				5507721B1FADABC40019B64B /* Info.plist */,
			);
			path = iTaskerTests;
			sourceTree = "<group>";
		};
		550772231FADABC40019B64B /* iTaskerUITests */ = {
			isa = PBXGroup;
			children = (
				550772241FADABC40019B64B /* iTaskerUITests.m */,
				550772261FADABC40019B64B /* Info.plist */,
			);
			path = iTaskerUITests;
			sourceTree = "<group>";
		};
		550772321FADAD9C0019B64B /* model */ = {
			isa = PBXGroup;
			children = (
				550772331FADADBC0019B64B /* Task.h */,
				550772341FADADBC0019B64B /* Task.m */,
				557566A71FB238C800D35CD9 /* TaskInfo.h */,
				557566A81FB238C800D35CD9 /* TaskInfo.m */,
				550772361FADAFF60019B64B /* TaskLoader.h */,
				5507723B1FADE7AD0019B64B /* TaskLoader.m */,
				5507723D1FADE7CF0019B64B /* TaskProvider.h */,
				5507723E1FADE7CF0019B64B /* TaskProvider.m */,
			);
			path = model;
			sourceTree = "<group>";
		};
		55734BAD1FB3B2B1008E67F5 /* sources */ = {
			isa = PBXGroup;
			children = (
				550772631FAF57AA0019B64B /* Localizable.strings */,
				550772391FADB2770019B64B /* to_do_list.json */,
			);
			path = sources;
			sourceTree = "<group>";
		};
		55734BAF1FB3B334008E67F5 /* ViewControllers */ = {
			isa = PBXGroup;
			children = (
				550772451FAE00D00019B64B /* UpdateTaskViewController.h */,
				550772461FAE00D00019B64B /* UpdateTaskViewController.m */,
				550772031FADABC40019B64B /* HomeViewController.h */,
				550772041FADABC40019B64B /* HomeViewController.m */,
				550772481FAF4D700019B64B /* GroupChangeViewController.h */,
				550772491FAF4D700019B64B /* GroupChangeViewController.m */,
				557566AB1FB371CB00D35CD9 /* BarCodeReaderViewController.h */,
				557566AC1FB371CB00D35CD9 /* BarCodeReaderViewController.m */,
			);
			path = ViewControllers;
			sourceTree = "<group>";
		};
		55734BB01FB3B361008E67F5 /* Views */ = {
			isa = PBXGroup;
			children = (
				550772401FADEDFE0019B64B /* TaskViewCell.h */,
				550772411FADEDFE0019B64B /* TaskViewCell.m */,
				550772421FADEDFE0019B64B /* TaskViewCell.xib */,
			);
			path = Views;
			sourceTree = "<group>";
		};
/* End PBXGroup section */

/* Begin PBXNativeTarget section */
		550771FC1FADABC40019B64B /* iTasker */ = {
			isa = PBXNativeTarget;
			buildConfigurationList = 550772291FADABC40019B64B /* Build configuration list for PBXNativeTarget "iTasker" */;
			buildPhases = (
				550771F91FADABC40019B64B /* Sources */,
				550771FA1FADABC40019B64B /* Frameworks */,
				550771FB1FADABC40019B64B /* Resources */,
			);
			buildRules = (
			);
			dependencies = (
			);
			name = iTasker;
			productName = iTasker;
			productReference = 550771FD1FADABC40019B64B /* iTasker.app */;
			productType = "com.apple.product-type.application";
		};
		550772141FADABC40019B64B /* iTaskerTests */ = {
			isa = PBXNativeTarget;
			buildConfigurationList = 5507722C1FADABC40019B64B /* Build configuration list for PBXNativeTarget "iTaskerTests" */;
			buildPhases = (
				550772111FADABC40019B64B /* Sources */,
				550772121FADABC40019B64B /* Frameworks */,
				550772131FADABC40019B64B /* Resources */,
			);
			buildRules = (
			);
			dependencies = (
				550772171FADABC40019B64B /* PBXTargetDependency */,
			);
			name = iTaskerTests;
			productName = iTaskerTests;
			productReference = 550772151FADABC40019B64B /* iTaskerTests.xctest */;
			productType = "com.apple.product-type.bundle.unit-test";
		};
		5507721F1FADABC40019B64B /* iTaskerUITests */ = {
			isa = PBXNativeTarget;
			buildConfigurationList = 5507722F1FADABC40019B64B /* Build configuration list for PBXNativeTarget "iTaskerUITests" */;
			buildPhases = (
				5507721C1FADABC40019B64B /* Sources */,
				5507721D1FADABC40019B64B /* Frameworks */,
				5507721E1FADABC40019B64B /* Resources */,
			);
			buildRules = (
			);
			dependencies = (
				550772221FADABC40019B64B /* PBXTargetDependency */,
			);
			name = iTaskerUITests;
			productName = iTaskerUITests;
			productReference = 550772201FADABC40019B64B /* iTaskerUITests.xctest */;
			productType = "com.apple.product-type.bundle.ui-testing";
		};
/* End PBXNativeTarget section */

/* Begin PBXProject section */
		550771F51FADABC40019B64B /* Project object */ = {
			isa = PBXProject;
			attributes = {
				LastUpgradeCheck = 0900;
				ORGANIZATIONNAME = andrey;
				TargetAttributes = {
					550771FC1FADABC40019B64B = {
						CreatedOnToolsVersion = 9.0.1;
						ProvisioningStyle = Automatic;
					};
					550772141FADABC40019B64B = {
						CreatedOnToolsVersion = 9.0.1;
						ProvisioningStyle = Automatic;
						TestTargetID = 550771FC1FADABC40019B64B;
					};
					5507721F1FADABC40019B64B = {
						CreatedOnToolsVersion = 9.0.1;
						ProvisioningStyle = Automatic;
						TestTargetID = 550771FC1FADABC40019B64B;
					};
				};
			};
			buildConfigurationList = 550771F81FADABC40019B64B /* Build configuration list for PBXProject "iTasker" */;
			compatibilityVersion = "Xcode 8.0";
			developmentRegion = en;
			hasScannedForEncodings = 0;
			knownRegions = (
				en,
				Base,
			);
			mainGroup = 550771F41FADABC40019B64B;
			productRefGroup = 550771FE1FADABC40019B64B /* Products */;
			projectDirPath = "";
			projectRoot = "";
			targets = (
				550771FC1FADABC40019B64B /* iTasker */,
				550772141FADABC40019B64B /* iTaskerTests */,
				5507721F1FADABC40019B64B /* iTaskerUITests */,
			);
		};
/* End PBXProject section */

/* Begin PBXResourcesBuildPhase section */
		550771FB1FADABC40019B64B /* Resources */ = {
			isa = PBXResourcesBuildPhase;
			buildActionMask = 2147483647;
			files = (
				550772441FADEDFE0019B64B /* TaskViewCell.xib in Resources */,
				5507720D1FADABC40019B64B /* LaunchScreen.storyboard in Resources */,
				5507720A1FADABC40019B64B /* Assets.xcassets in Resources */,
				550772641FAF57AA0019B64B /* Localizable.strings in Resources */,
				550772081FADABC40019B64B /* Main.storyboard in Resources */,
				5507723A1FADB2780019B64B /* to_do_list.json in Resources */,
			);
			runOnlyForDeploymentPostprocessing = 0;
		};
		550772131FADABC40019B64B /* Resources */ = {
			isa = PBXResourcesBuildPhase;
			buildActionMask = 2147483647;
			files = (
			);
			runOnlyForDeploymentPostprocessing = 0;
		};
		5507721E1FADABC40019B64B /* Resources */ = {
			isa = PBXResourcesBuildPhase;
			buildActionMask = 2147483647;
			files = (
			);
			runOnlyForDeploymentPostprocessing = 0;
		};
/* End PBXResourcesBuildPhase section */

/* Begin PBXSourcesBuildPhase section */
		550771F91FADABC40019B64B /* Sources */ = {
			isa = PBXSourcesBuildPhase;
			buildActionMask = 2147483647;
			files = (
				550772351FADADBC0019B64B /* Task.m in Sources */,
				550772051FADABC40019B64B /* HomeViewController.m in Sources */,
				5507724A1FAF4D700019B64B /* GroupChangeViewController.m in Sources */,
				550772471FAE00D00019B64B /* UpdateTaskViewController.m in Sources */,
				5507723C1FADE7AD0019B64B /* TaskLoader.m in Sources */,
				557566AD1FB371CB00D35CD9 /* BarCodeReaderViewController.m in Sources */,
				550772101FADABC40019B64B /* main.m in Sources */,
				550772431FADEDFE0019B64B /* TaskViewCell.m in Sources */,
				557566A91FB238C800D35CD9 /* TaskInfo.m in Sources */,
				550772021FADABC40019B64B /* AppDelegate.m in Sources */,
				5507723F1FADE7CF0019B64B /* TaskProvider.m in Sources */,
			);
			runOnlyForDeploymentPostprocessing = 0;
		};
		550772111FADABC40019B64B /* Sources */ = {
			isa = PBXSourcesBuildPhase;
			buildActionMask = 2147483647;
			files = (
				5507721A1FADABC40019B64B /* iTaskerTests.m in Sources */,
			);
			runOnlyForDeploymentPostprocessing = 0;
		};
		5507721C1FADABC40019B64B /* Sources */ = {
			isa = PBXSourcesBuildPhase;
			buildActionMask = 2147483647;
			files = (
				550772251FADABC40019B64B /* iTaskerUITests.m in Sources */,
			);
			runOnlyForDeploymentPostprocessing = 0;
		};
/* End PBXSourcesBuildPhase section */

/* Begin PBXTargetDependency section */
		550772171FADABC40019B64B /* PBXTargetDependency */ = {
			isa = PBXTargetDependency;
			target = 550771FC1FADABC40019B64B /* iTasker */;
			targetProxy = 550772161FADABC40019B64B /* PBXContainerItemProxy */;
		};
		550772221FADABC40019B64B /* PBXTargetDependency */ = {
			isa = PBXTargetDependency;
			target = 550771FC1FADABC40019B64B /* iTasker */;
			targetProxy = 550772211FADABC40019B64B /* PBXContainerItemProxy */;
		};
/* End PBXTargetDependency section */

/* Begin PBXVariantGroup section */
		550772061FADABC40019B64B /* Main.storyboard */ = {
			isa = PBXVariantGroup;
			children = (
				550772071FADABC40019B64B /* Base */,
			);
			name = Main.storyboard;
			sourceTree = "<group>";
		};
		5507720B1FADABC40019B64B /* LaunchScreen.storyboard */ = {
			isa = PBXVariantGroup;
			children = (
				5507720C1FADABC40019B64B /* Base */,
			);
			name = LaunchScreen.storyboard;
			sourceTree = "<group>";
		};
/* End PBXVariantGroup section */

/* Begin XCBuildConfiguration section */
		550772271FADABC40019B64B /* Debug */ = {
			isa = XCBuildConfiguration;
			buildSettings = {
				ALWAYS_SEARCH_USER_PATHS = NO;
				CLANG_ANALYZER_NONNULL = YES;
				CLANG_ANALYZER_NUMBER_OBJECT_CONVERSION = YES_AGGRESSIVE;
				CLANG_CXX_LANGUAGE_STANDARD = "gnu++14";
				CLANG_CXX_LIBRARY = "libc++";
				CLANG_ENABLE_MODULES = YES;
				CLANG_ENABLE_OBJC_ARC = YES;
				CLANG_WARN_BLOCK_CAPTURE_AUTORELEASING = YES;
				CLANG_WARN_BOOL_CONVERSION = YES;
				CLANG_WARN_COMMA = YES;
				CLANG_WARN_CONSTANT_CONVERSION = YES;
				CLANG_WARN_DIRECT_OBJC_ISA_USAGE = YES_ERROR;
				CLANG_WARN_DOCUMENTATION_COMMENTS = YES;
				CLANG_WARN_EMPTY_BODY = YES;
				CLANG_WARN_ENUM_CONVERSION = YES;
				CLANG_WARN_INFINITE_RECURSION = YES;
				CLANG_WARN_INT_CONVERSION = YES;
				CLANG_WARN_NON_LITERAL_NULL_CONVERSION = YES;
				CLANG_WARN_OBJC_LITERAL_CONVERSION = YES;
				CLANG_WARN_OBJC_ROOT_CLASS = YES_ERROR;
				CLANG_WARN_RANGE_LOOP_ANALYSIS = YES;
				CLANG_WARN_STRICT_PROTOTYPES = YES;
				CLANG_WARN_SUSPICIOUS_MOVE = YES;
				CLANG_WARN_UNGUARDED_AVAILABILITY = YES_AGGRESSIVE;
				CLANG_WARN_UNREACHABLE_CODE = YES;
				CLANG_WARN__DUPLICATE_METHOD_MATCH = YES;
				CODE_SIGN_IDENTITY = "iPhone Developer";
				COPY_PHASE_STRIP = NO;
				DEBUG_INFORMATION_FORMAT = dwarf;
				ENABLE_STRICT_OBJC_MSGSEND = YES;
				ENABLE_TESTABILITY = YES;
				GCC_C_LANGUAGE_STANDARD = gnu11;
				GCC_DYNAMIC_NO_PIC = NO;
				GCC_NO_COMMON_BLOCKS = YES;
				GCC_OPTIMIZATION_LEVEL = 0;
				GCC_PREPROCESSOR_DEFINITIONS = (
					"DEBUG=1",
					"$(inherited)",
				);
				GCC_WARN_64_TO_32_BIT_CONVERSION = YES;
				GCC_WARN_ABOUT_RETURN_TYPE = YES_ERROR;
				GCC_WARN_UNDECLARED_SELECTOR = YES;
				GCC_WARN_UNINITIALIZED_AUTOS = YES_AGGRESSIVE;
				GCC_WARN_UNUSED_FUNCTION = YES;
				GCC_WARN_UNUSED_VARIABLE = YES;
				IPHONEOS_DEPLOYMENT_TARGET = 11.0;
				MTL_ENABLE_DEBUG_INFO = YES;
				ONLY_ACTIVE_ARCH = YES;
				SDKROOT = iphoneos;
			};
			name = Debug;
		};
		550772281FADABC40019B64B /* Release */ = {
			isa = XCBuildConfiguration;
			buildSettings = {
				ALWAYS_SEARCH_USER_PATHS = NO;
				CLANG_ANALYZER_NONNULL = YES;
				CLANG_ANALYZER_NUMBER_OBJECT_CONVERSION = YES_AGGRESSIVE;
				CLANG_CXX_LANGUAGE_STANDARD = "gnu++14";
				CLANG_CXX_LIBRARY = "libc++";
				CLANG_ENABLE_MODULES = YES;
				CLANG_ENABLE_OBJC_ARC = YES;
				CLANG_WARN_BLOCK_CAPTURE_AUTORELEASING = YES;
				CLANG_WARN_BOOL_CONVERSION = YES;
				CLANG_WARN_COMMA = YES;
				CLANG_WARN_CONSTANT_CONVERSION = YES;
				CLANG_WARN_DIRECT_OBJC_ISA_USAGE = YES_ERROR;
				CLANG_WARN_DOCUMENTATION_COMMENTS = YES;
				CLANG_WARN_EMPTY_BODY = YES;
				CLANG_WARN_ENUM_CONVERSION = YES;
				CLANG_WARN_INFINITE_RECURSION = YES;
				CLANG_WARN_INT_CONVERSION = YES;
				CLANG_WARN_NON_LITERAL_NULL_CONVERSION = YES;
				CLANG_WARN_OBJC_LITERAL_CONVERSION = YES;
				CLANG_WARN_OBJC_ROOT_CLASS = YES_ERROR;
				CLANG_WARN_RANGE_LOOP_ANALYSIS = YES;
				CLANG_WARN_STRICT_PROTOTYPES = YES;
				CLANG_WARN_SUSPICIOUS_MOVE = YES;
				CLANG_WARN_UNGUARDED_AVAILABILITY = YES_AGGRESSIVE;
				CLANG_WARN_UNREACHABLE_CODE = YES;
				CLANG_WARN__DUPLICATE_METHOD_MATCH = YES;
				CODE_SIGN_IDENTITY = "iPhone Developer";
				COPY_PHASE_STRIP = NO;
				DEBUG_INFORMATION_FORMAT = "dwarf-with-dsym";
				ENABLE_NS_ASSERTIONS = NO;
				ENABLE_STRICT_OBJC_MSGSEND = YES;
				GCC_C_LANGUAGE_STANDARD = gnu11;
				GCC_NO_COMMON_BLOCKS = YES;
				GCC_WARN_64_TO_32_BIT_CONVERSION = YES;
				GCC_WARN_ABOUT_RETURN_TYPE = YES_ERROR;
				GCC_WARN_UNDECLARED_SELECTOR = YES;
				GCC_WARN_UNINITIALIZED_AUTOS = YES_AGGRESSIVE;
				GCC_WARN_UNUSED_FUNCTION = YES;
				GCC_WARN_UNUSED_VARIABLE = YES;
				IPHONEOS_DEPLOYMENT_TARGET = 11.0;
				MTL_ENABLE_DEBUG_INFO = NO;
				SDKROOT = iphoneos;
				VALIDATE_PRODUCT = YES;
			};
			name = Release;
		};
		5507722A1FADABC40019B64B /* Debug */ = {
			isa = XCBuildConfiguration;
			buildSettings = {
				ASSETCATALOG_COMPILER_APPICON_NAME = AppIcon;
				CLANG_ENABLE_OBJC_ARC = NO;
				CLANG_ENABLE_OBJC_WEAK = YES;
				"CODE_SIGN_IDENTITY[sdk=iphoneos*]" = "iPhone Developer";
				CODE_SIGN_STYLE = Automatic;
				DEVELOPMENT_TEAM = RPA568A5Y2;
				INFOPLIST_FILE = iTasker/Info.plist;
				IPHONEOS_DEPLOYMENT_TARGET = 8.0;
				LD_RUNPATH_SEARCH_PATHS = "$(inherited) @executable_path/Frameworks";
				PRODUCT_BUNDLE_IDENTIFIER = a.n.iTasker;
				PRODUCT_NAME = "$(TARGET_NAME)";
				PROVISIONING_PROFILE_SPECIFIER = "";
				TARGETED_DEVICE_FAMILY = 1;
			};
			name = Debug;
		};
		5507722B1FADABC40019B64B /* Release */ = {
			isa = XCBuildConfiguration;
			buildSettings = {
				ASSETCATALOG_COMPILER_APPICON_NAME = AppIcon;
				CLANG_ENABLE_OBJC_ARC = NO;
				CLANG_ENABLE_OBJC_WEAK = YES;
				"CODE_SIGN_IDENTITY[sdk=iphoneos*]" = "iPhone Developer";
				CODE_SIGN_STYLE = Automatic;
				DEVELOPMENT_TEAM = RPA568A5Y2;
				INFOPLIST_FILE = iTasker/Info.plist;
				IPHONEOS_DEPLOYMENT_TARGET = 8.0;
				LD_RUNPATH_SEARCH_PATHS = "$(inherited) @executable_path/Frameworks";
				PRODUCT_BUNDLE_IDENTIFIER = a.n.iTasker;
				PRODUCT_NAME = "$(TARGET_NAME)";
				PROVISIONING_PROFILE_SPECIFIER = "";
				TARGETED_DEVICE_FAMILY = 1;
			};
			name = Release;
		};
		5507722D1FADABC40019B64B /* Debug */ = {
			isa = XCBuildConfiguration;
			buildSettings = {
				BUNDLE_LOADER = "$(TEST_HOST)";
				CODE_SIGN_STYLE = Automatic;
				DEVELOPMENT_TEAM = RPA568A5Y2;
				INFOPLIST_FILE = iTaskerTests/Info.plist;
				LD_RUNPATH_SEARCH_PATHS = "$(inherited) @executable_path/Frameworks @loader_path/Frameworks";
				PRODUCT_BUNDLE_IDENTIFIER = a.n.iTaskerTests;
				PRODUCT_NAME = "$(TARGET_NAME)";
				TARGETED_DEVICE_FAMILY = "1,2";
				TEST_HOST = "$(BUILT_PRODUCTS_DIR)/iTasker.app/iTasker";
			};
			name = Debug;
		};
		5507722E1FADABC40019B64B /* Release */ = {
			isa = XCBuildConfiguration;
			buildSettings = {
				BUNDLE_LOADER = "$(TEST_HOST)";
				CODE_SIGN_STYLE = Automatic;
				DEVELOPMENT_TEAM = RPA568A5Y2;
				INFOPLIST_FILE = iTaskerTests/Info.plist;
				LD_RUNPATH_SEARCH_PATHS = "$(inherited) @executable_path/Frameworks @loader_path/Frameworks";
				PRODUCT_BUNDLE_IDENTIFIER = a.n.iTaskerTests;
				PRODUCT_NAME = "$(TARGET_NAME)";
				TARGETED_DEVICE_FAMILY = "1,2";
				TEST_HOST = "$(BUILT_PRODUCTS_DIR)/iTasker.app/iTasker";
			};
			name = Release;
		};
		550772301FADABC40019B64B /* Debug */ = {
			isa = XCBuildConfiguration;
			buildSettings = {
				CODE_SIGN_STYLE = Automatic;
				DEVELOPMENT_TEAM = RPA568A5Y2;
				INFOPLIST_FILE = iTaskerUITests/Info.plist;
				LD_RUNPATH_SEARCH_PATHS = "$(inherited) @executable_path/Frameworks @loader_path/Frameworks";
				PRODUCT_BUNDLE_IDENTIFIER = a.n.iTaskerUITests;
				PRODUCT_NAME = "$(TARGET_NAME)";
				TARGETED_DEVICE_FAMILY = "1,2";
				TEST_TARGET_NAME = iTasker;
			};
			name = Debug;
		};
		550772311FADABC40019B64B /* Release */ = {
			isa = XCBuildConfiguration;
			buildSettings = {
				CODE_SIGN_STYLE = Automatic;
				DEVELOPMENT_TEAM = RPA568A5Y2;
				INFOPLIST_FILE = iTaskerUITests/Info.plist;
				LD_RUNPATH_SEARCH_PATHS = "$(inherited) @executable_path/Frameworks @loader_path/Frameworks";
				PRODUCT_BUNDLE_IDENTIFIER = a.n.iTaskerUITests;
				PRODUCT_NAME = "$(TARGET_NAME)";
				TARGETED_DEVICE_FAMILY = "1,2";
				TEST_TARGET_NAME = iTasker;
			};
			name = Release;
		};
/* End XCBuildConfiguration section */

/* Begin XCConfigurationList section */
		550771F81FADABC40019B64B /* Build configuration list for PBXProject "iTasker" */ = {
			isa = XCConfigurationList;
			buildConfigurations = (
				550772271FADABC40019B64B /* Debug */,
				550772281FADABC40019B64B /* Release */,
			);
			defaultConfigurationIsVisible = 0;
			defaultConfigurationName = Release;
		};
		550772291FADABC40019B64B /* Build configuration list for PBXNativeTarget "iTasker" */ = {
			isa = XCConfigurationList;
			buildConfigurations = (
				5507722A1FADABC40019B64B /* Debug */,
				5507722B1FADABC40019B64B /* Release */,
			);
			defaultConfigurationIsVisible = 0;
			defaultConfigurationName = Release;
		};
		5507722C1FADABC40019B64B /* Build configuration list for PBXNativeTarget "iTaskerTests" */ = {
			isa = XCConfigurationList;
			buildConfigurations = (
				5507722D1FADABC40019B64B /* Debug */,
				5507722E1FADABC40019B64B /* Release */,
			);
			defaultConfigurationIsVisible = 0;
			defaultConfigurationName = Release;
		};
		5507722F1FADABC40019B64B /* Build configuration list for PBXNativeTarget "iTaskerUITests" */ = {
			isa = XCConfigurationList;
			buildConfigurations = (
				550772301FADABC40019B64B /* Debug */,
				550772311FADABC40019B64B /* Release */,
			);
			defaultConfigurationIsVisible = 0;
			defaultConfigurationName = Release;
		};
/* End XCConfigurationList section */
	};
	rootObject = 550771F51FADABC40019B64B /* Project object */;
}
